
Microsoft Visual Studio Solution File, Format Version 12.00
# Visual Studio 15
VisualStudioVersion = 15.0.28010.2036
MinimumVisualStudioVersion = 10.0.40219.1
Project("{FAE04EC0-301F-11D3-BF4B-00C04F79EFBC}") = "WeddingTime", "WeddingTime\WeddingTime.csproj", "{DAEB69A8-1A40-4B1E-AFE2-2638698D73DF}"
EndProject
Project("{FAE04EC0-301F-11D3-BF4B-00C04F79EFBC}") = "MaidenParty", "MaidenParty\MaidenParty.csproj", "{0CE150F9-A76F-4F69-8B8E-A99C7EB22A77}"
EndProject
Project("{FAE04EC0-301F-11D3-BF4B-00C04F79EFBC}") = "Honeymoon", "Honeymoon\Honeymoon.csproj", "{63F6BA5E-9894-4FFB-BED0-20D1759E0DAD}"
EndProject
Project("{FAE04EC0-301F-11D3-BF4B-00C04F79EFBC}") = "BachelorParty", "BachelorParty\BachelorParty.csproj", "{346ADBDE-83AB-4926-B980-319A52E9C2A7}"
EndProject
Project("{FAE04EC0-301F-11D3-BF4B-00C04F79EFBC}") = "WeddingPresents", "WeddingPresents\WeddingPresents.csproj", "{DE05EB87-3FC6-4ACD-A9D5-E5E9C132A4B8}"
EndProject
Project("{FAE04EC0-301F-11D3-BF4B-00C04F79EFBC}") = "WeddingSeats", "WeddingSeats\WeddingSeats.csproj", "{B750A74C-365A-4594-A26E-E1AAB56DA327}"
EndProject
Global
	GlobalSection(SolutionConfigurationPlatforms) = preSolution
		Debug|Any CPU = Debug|Any CPU
		Release|Any CPU = Release|Any CPU
	EndGlobalSection
	GlobalSection(ProjectConfigurationPlatforms) = postSolution
		{DAEB69A8-1A40-4B1E-AFE2-2638698D73DF}.Debug|Any CPU.ActiveCfg = Debug|Any CPU
		{DAEB69A8-1A40-4B1E-AFE2-2638698D73DF}.Debug|Any CPU.Build.0 = Debug|Any CPU
		{DAEB69A8-1A40-4B1E-AFE2-2638698D73DF}.Release|Any CPU.ActiveCfg = Release|Any CPU
		{DAEB69A8-1A40-4B1E-AFE2-2638698D73DF}.Release|Any CPU.Build.0 = Release|Any CPU
		{0CE150F9-A76F-4F69-8B8E-A99C7EB22A77}.Debug|Any CPU.ActiveCfg = Debug|Any CPU
		{0CE150F9-A76F-4F69-8B8E-A99C7EB22A77}.Debug|Any CPU.Build.0 = Debug|Any CPU
		{0CE150F9-A76F-4F69-8B8E-A99C7EB22A77}.Release|Any CPU.ActiveCfg = Release|Any CPU
		{0CE150F9-A76F-4F69-8B8E-A99C7EB22A77}.Release|Any CPU.Build.0 = Release|Any CPU
		{63F6BA5E-9894-4FFB-BED0-20D1759E0DAD}.Debug|Any CPU.ActiveCfg = Debug|Any CPU
		{63F6BA5E-9894-4FFB-BED0-20D1759E0DAD}.Debug|Any CPU.Build.0 = Debug|Any CPU
		{63F6BA5E-9894-4FFB-BED0-20D1759E0DAD}.Release|Any CPU.ActiveCfg = Release|Any CPU
		{63F6BA5E-9894-4FFB-BED0-20D1759E0DAD}.Release|Any CPU.Build.0 = Release|Any CPU
		{346ADBDE-83AB-4926-B980-319A52E9C2A7}.Debug|Any CPU.ActiveCfg = Debug|Any CPU
		{346ADBDE-83AB-4926-B980-319A52E9C2A7}.Debug|Any CPU.Build.0 = Debug|Any CPU
		{346ADBDE-83AB-4926-B980-319A52E9C2A7}.Release|Any CPU.ActiveCfg = Release|Any CPU
		{346ADBDE-83AB-4926-B980-319A52E9C2A7}.Release|Any CPU.Build.0 = Release|Any CPU
		{DE05EB87-3FC6-4ACD-A9D5-E5E9C132A4B8}.Debug|Any CPU.ActiveCfg = Debug|Any CPU
		{DE05EB87-3FC6-4ACD-A9D5-E5E9C132A4B8}.Debug|Any CPU.Build.0 = Debug|Any CPU
		{DE05EB87-3FC6-4ACD-A9D5-E5E9C132A4B8}.Release|Any CPU.ActiveCfg = Release|Any CPU
		{DE05EB87-3FC6-4ACD-A9D5-E5E9C132A4B8}.Release|Any CPU.Build.0 = Release|Any CPU
		{B750A74C-365A-4594-A26E-E1AAB56DA327}.Debug|Any CPU.ActiveCfg = Debug|Any CPU
		{B750A74C-365A-4594-A26E-E1AAB56DA327}.Debug|Any CPU.Build.0 = Debug|Any CPU
		{B750A74C-365A-4594-A26E-E1AAB56DA327}.Release|Any CPU.ActiveCfg = Release|Any CPU
		{B750A74C-365A-4594-A26E-E1AAB56DA327}.Release|Any CPU.Build.0 = Release|Any CPU
	EndGlobalSection
	GlobalSection(SolutionProperties) = preSolution
		HideSolutionNode = FALSE
	EndGlobalSection
	GlobalSection(ExtensibilityGlobals) = postSolution
		SolutionGuid = {7E2788D2-E884-4888-A5B3-2E9241BD1395}
	EndGlobalSection
EndGlobal
