
Microsoft Visual Studio Solution File, Format Version 12.00
# Visual Studio 15
VisualStudioVersion = 15.0.28010.2036
MinimumVisualStudioVersion = 10.0.40219.1
Project("{FAE04EC0-301F-11D3-BF4B-00C04F79EFBC}") = "BeerAndChips", "BeerAndChips\BeerAndChips.csproj", "{F019000A-7A40-4608-9F6B-E5DC8F9459CB}"
EndProject
Project("{FAE04EC0-301F-11D3-BF4B-00C04F79EFBC}") = "Stadium Income", "Stadium Income\Stadium Income.csproj", "{CF519BB5-D1C1-4233-A21B-9D93D5EC4FFD}"
EndProject
Project("{FAE04EC0-301F-11D3-BF4B-00C04F79EFBC}") = "FootballSouvenirs", "FootballSouvenirs\FootballSouvenirs.csproj", "{8F7A3FD7-78F8-47B7-A43A-C00D82575BEF}"
EndProject
Project("{FAE04EC0-301F-11D3-BF4B-00C04F79EFBC}") = "GroupStage", "GroupStage\GroupStage.csproj", "{4FE1E8DB-2856-4CEA-AEB3-3B0C84D3F0AD}"
EndProject
Project("{FAE04EC0-301F-11D3-BF4B-00C04F79EFBC}") = "FanShop", "FanShop\FanShop.csproj", "{277C7B3C-C267-4DF3-9AB9-0EAC88DD0950}"
EndProject
Project("{FAE04EC0-301F-11D3-BF4B-00C04F79EFBC}") = "TripToWorldCup", "TripToWorldCup\TripToWorldCup.csproj", "{865168B6-2B5A-4428-8EB5-B95B57C21E26}"
EndProject
Project("{FAE04EC0-301F-11D3-BF4B-00C04F79EFBC}") = "FootballKit", "FootballKit\FootballKit.csproj", "{15FA0D85-5D40-40C2-B1FB-B90A2B109FA7}"
EndProject
Project("{FAE04EC0-301F-11D3-BF4B-00C04F79EFBC}") = "GameStatistics", "GameStatistics\GameStatistics.csproj", "{08EDD5DE-56A2-4C53-BA9C-DDBA82EEA29F}"
EndProject
Project("{FAE04EC0-301F-11D3-BF4B-00C04F79EFBC}") = "BestPlayer", "BestPlayer\BestPlayer.csproj", "{BEC7CB76-BBC4-4407-A87E-94D52A84223A}"
EndProject
Project("{FAE04EC0-301F-11D3-BF4B-00C04F79EFBC}") = "GameInfo", "GameInfo\GameInfo.csproj", "{DECEC319-A8A3-4E95-AE83-B51EBF07F506}"
EndProject
Project("{FAE04EC0-301F-11D3-BF4B-00C04F79EFBC}") = "Substitute", "Substitute\Substitute.csproj", "{BA8875A0-3D26-4EBA-9325-CE42EEDA2BAB}"
EndProject
Project("{FAE04EC0-301F-11D3-BF4B-00C04F79EFBC}") = "TicketCombination", "TicketCombination\TicketCombination.csproj", "{FB98DF05-B1F1-4A26-AFB9-F3832D867D99}"
EndProject
Global
	GlobalSection(SolutionConfigurationPlatforms) = preSolution
		Debug|Any CPU = Debug|Any CPU
		Release|Any CPU = Release|Any CPU
	EndGlobalSection
	GlobalSection(ProjectConfigurationPlatforms) = postSolution
		{F019000A-7A40-4608-9F6B-E5DC8F9459CB}.Debug|Any CPU.ActiveCfg = Debug|Any CPU
		{F019000A-7A40-4608-9F6B-E5DC8F9459CB}.Debug|Any CPU.Build.0 = Debug|Any CPU
		{F019000A-7A40-4608-9F6B-E5DC8F9459CB}.Release|Any CPU.ActiveCfg = Release|Any CPU
		{F019000A-7A40-4608-9F6B-E5DC8F9459CB}.Release|Any CPU.Build.0 = Release|Any CPU
		{CF519BB5-D1C1-4233-A21B-9D93D5EC4FFD}.Debug|Any CPU.ActiveCfg = Debug|Any CPU
		{CF519BB5-D1C1-4233-A21B-9D93D5EC4FFD}.Debug|Any CPU.Build.0 = Debug|Any CPU
		{CF519BB5-D1C1-4233-A21B-9D93D5EC4FFD}.Release|Any CPU.ActiveCfg = Release|Any CPU
		{CF519BB5-D1C1-4233-A21B-9D93D5EC4FFD}.Release|Any CPU.Build.0 = Release|Any CPU
		{8F7A3FD7-78F8-47B7-A43A-C00D82575BEF}.Debug|Any CPU.ActiveCfg = Debug|Any CPU
		{8F7A3FD7-78F8-47B7-A43A-C00D82575BEF}.Debug|Any CPU.Build.0 = Debug|Any CPU
		{8F7A3FD7-78F8-47B7-A43A-C00D82575BEF}.Release|Any CPU.ActiveCfg = Release|Any CPU
		{8F7A3FD7-78F8-47B7-A43A-C00D82575BEF}.Release|Any CPU.Build.0 = Release|Any CPU
		{4FE1E8DB-2856-4CEA-AEB3-3B0C84D3F0AD}.Debug|Any CPU.ActiveCfg = Debug|Any CPU
		{4FE1E8DB-2856-4CEA-AEB3-3B0C84D3F0AD}.Debug|Any CPU.Build.0 = Debug|Any CPU
		{4FE1E8DB-2856-4CEA-AEB3-3B0C84D3F0AD}.Release|Any CPU.ActiveCfg = Release|Any CPU
		{4FE1E8DB-2856-4CEA-AEB3-3B0C84D3F0AD}.Release|Any CPU.Build.0 = Release|Any CPU
		{277C7B3C-C267-4DF3-9AB9-0EAC88DD0950}.Debug|Any CPU.ActiveCfg = Debug|Any CPU
		{277C7B3C-C267-4DF3-9AB9-0EAC88DD0950}.Debug|Any CPU.Build.0 = Debug|Any CPU
		{277C7B3C-C267-4DF3-9AB9-0EAC88DD0950}.Release|Any CPU.ActiveCfg = Release|Any CPU
		{277C7B3C-C267-4DF3-9AB9-0EAC88DD0950}.Release|Any CPU.Build.0 = Release|Any CPU
		{865168B6-2B5A-4428-8EB5-B95B57C21E26}.Debug|Any CPU.ActiveCfg = Debug|Any CPU
		{865168B6-2B5A-4428-8EB5-B95B57C21E26}.Debug|Any CPU.Build.0 = Debug|Any CPU
		{865168B6-2B5A-4428-8EB5-B95B57C21E26}.Release|Any CPU.ActiveCfg = Release|Any CPU
		{865168B6-2B5A-4428-8EB5-B95B57C21E26}.Release|Any CPU.Build.0 = Release|Any CPU
		{15FA0D85-5D40-40C2-B1FB-B90A2B109FA7}.Debug|Any CPU.ActiveCfg = Debug|Any CPU
		{15FA0D85-5D40-40C2-B1FB-B90A2B109FA7}.Debug|Any CPU.Build.0 = Debug|Any CPU
		{15FA0D85-5D40-40C2-B1FB-B90A2B109FA7}.Release|Any CPU.ActiveCfg = Release|Any CPU
		{15FA0D85-5D40-40C2-B1FB-B90A2B109FA7}.Release|Any CPU.Build.0 = Release|Any CPU
		{08EDD5DE-56A2-4C53-BA9C-DDBA82EEA29F}.Debug|Any CPU.ActiveCfg = Debug|Any CPU
		{08EDD5DE-56A2-4C53-BA9C-DDBA82EEA29F}.Debug|Any CPU.Build.0 = Debug|Any CPU
		{08EDD5DE-56A2-4C53-BA9C-DDBA82EEA29F}.Release|Any CPU.ActiveCfg = Release|Any CPU
		{08EDD5DE-56A2-4C53-BA9C-DDBA82EEA29F}.Release|Any CPU.Build.0 = Release|Any CPU
		{BEC7CB76-BBC4-4407-A87E-94D52A84223A}.Debug|Any CPU.ActiveCfg = Debug|Any CPU
		{BEC7CB76-BBC4-4407-A87E-94D52A84223A}.Debug|Any CPU.Build.0 = Debug|Any CPU
		{BEC7CB76-BBC4-4407-A87E-94D52A84223A}.Release|Any CPU.ActiveCfg = Release|Any CPU
		{BEC7CB76-BBC4-4407-A87E-94D52A84223A}.Release|Any CPU.Build.0 = Release|Any CPU
		{DECEC319-A8A3-4E95-AE83-B51EBF07F506}.Debug|Any CPU.ActiveCfg = Debug|Any CPU
		{DECEC319-A8A3-4E95-AE83-B51EBF07F506}.Debug|Any CPU.Build.0 = Debug|Any CPU
		{DECEC319-A8A3-4E95-AE83-B51EBF07F506}.Release|Any CPU.ActiveCfg = Release|Any CPU
		{DECEC319-A8A3-4E95-AE83-B51EBF07F506}.Release|Any CPU.Build.0 = Release|Any CPU
		{BA8875A0-3D26-4EBA-9325-CE42EEDA2BAB}.Debug|Any CPU.ActiveCfg = Debug|Any CPU
		{BA8875A0-3D26-4EBA-9325-CE42EEDA2BAB}.Debug|Any CPU.Build.0 = Debug|Any CPU
		{BA8875A0-3D26-4EBA-9325-CE42EEDA2BAB}.Release|Any CPU.ActiveCfg = Release|Any CPU
		{BA8875A0-3D26-4EBA-9325-CE42EEDA2BAB}.Release|Any CPU.Build.0 = Release|Any CPU
		{FB98DF05-B1F1-4A26-AFB9-F3832D867D99}.Debug|Any CPU.ActiveCfg = Debug|Any CPU
		{FB98DF05-B1F1-4A26-AFB9-F3832D867D99}.Debug|Any CPU.Build.0 = Debug|Any CPU
		{FB98DF05-B1F1-4A26-AFB9-F3832D867D99}.Release|Any CPU.ActiveCfg = Release|Any CPU
		{FB98DF05-B1F1-4A26-AFB9-F3832D867D99}.Release|Any CPU.Build.0 = Release|Any CPU
	EndGlobalSection
	GlobalSection(SolutionProperties) = preSolution
		HideSolutionNode = FALSE
	EndGlobalSection
	GlobalSection(ExtensibilityGlobals) = postSolution
		SolutionGuid = {277E102D-82DD-4332-B0AC-755FEC347528}
	EndGlobalSection
EndGlobal
